// !$*UTF8*$!
{
	archiveVersion = 1;
	classes = {
	};
	objectVersion = 46;
	objects = {

/* Begin PBXBuildFile section */
		30B76AA11CD6C82300960E1E /* AppDelegate.swift in Sources */ = {isa = PBXBuildFile; fileRef = 30B76AA01CD6C82300960E1E /* AppDelegate.swift */; };
		30B76AA31CD6C82300960E1E /* ViewController.swift in Sources */ = {isa = PBXBuildFile; fileRef = 30B76AA21CD6C82300960E1E /* ViewController.swift */; };
		30B76AA61CD6C82300960E1E /* Main.storyboard in Resources */ = {isa = PBXBuildFile; fileRef = 30B76AA41CD6C82300960E1E /* Main.storyboard */; };
		30B76AA81CD6C82300960E1E /* Assets.xcassets in Resources */ = {isa = PBXBuildFile; fileRef = 30B76AA71CD6C82300960E1E /* Assets.xcassets */; };
		30B76AAB1CD6C82300960E1E /* LaunchScreen.storyboard in Resources */ = {isa = PBXBuildFile; fileRef = 30B76AA91CD6C82300960E1E /* LaunchScreen.storyboard */; };
		30B76AC31CD6CD1700960E1E /* Hellbrunn25.jpg in Resources */ = {isa = PBXBuildFile; fileRef = 30B76AC21CD6CD1700960E1E /* Hellbrunn25.jpg */; };
/* End PBXBuildFile section */

/* Begin PBXFileReference section */
		30B76A9D1CD6C82300960E1E /* PanoView.app */ = {isa = PBXFileReference; explicitFileType = wrapper.application; includeInIndex = 0; path = PanoView.app; sourceTree = BUILT_PRODUCTS_DIR; };
		30B76AA01CD6C82300960E1E /* AppDelegate.swift */ = {isa = PBXFileReference; lastKnownFileType = sourcecode.swift; path = AppDelegate.swift; sourceTree = "<group>"; };
		30B76AA21CD6C82300960E1E /* ViewController.swift */ = {isa = PBXFileReference; lastKnownFileType = sourcecode.swift; path = ViewController.swift; sourceTree = "<group>"; };
		30B76AA51CD6C82300960E1E /* Base */ = {isa = PBXFileReference; lastKnownFileType = file.storyboard; name = Base; path = Base.lproj/Main.storyboard; sourceTree = "<group>"; };
		30B76AA71CD6C82300960E1E /* Assets.xcassets */ = {isa = PBXFileReference; lastKnownFileType = folder.assetcatalog; path = Assets.xcassets; sourceTree = "<group>"; };
		30B76AAA1CD6C82300960E1E /* Base */ = {isa = PBXFileReference; lastKnownFileType = file.storyboard; name = Base; path = Base.lproj/LaunchScreen.storyboard; sourceTree = "<group>"; };
		30B76AAC1CD6C82300960E1E /* Info.plist */ = {isa = PBXFileReference; lastKnownFileType = text.plist.xml; path = Info.plist; sourceTree = "<group>"; };
		30B76AC21CD6CD1700960E1E /* Hellbrunn25.jpg */ = {isa = PBXFileReference; lastKnownFileType = image.jpeg; path = Hellbrunn25.jpg; sourceTree = "<group>"; };
/* End PBXFileReference section */

/* Begin PBXFrameworksBuildPhase section */
		30B76A9A1CD6C82300960E1E /* Frameworks */ = {
			isa = PBXFrameworksBuildPhase;
			buildActionMask = 2147483647;
			files = (
			);
			runOnlyForDeploymentPostprocessing = 0;
		};
/* End PBXFrameworksBuildPhase section */

/* Begin PBXGroup section */
		30B76A941CD6C82300960E1E = {
			isa = PBXGroup;
			children = (
				30B76A9F1CD6C82300960E1E /* PanoView */,
				30B76A9E1CD6C82300960E1E /* Products */,
			);
			sourceTree = "<group>";
		};
		30B76A9E1CD6C82300960E1E /* Products */ = {
			isa = PBXGroup;
			children = (
				30B76A9D1CD6C82300960E1E /* PanoView.app */,
			);
			name = Products;
			sourceTree = "<group>";
		};
		30B76A9F1CD6C82300960E1E /* PanoView */ = {
			isa = PBXGroup;
			children = (
				30B76AC21CD6CD1700960E1E /* Hellbrunn25.jpg */,
				30B76AA01CD6C82300960E1E /* AppDelegate.swift */,
				30B76AA21CD6C82300960E1E /* ViewController.swift */,
				30B76AA41CD6C82300960E1E /* Main.storyboard */,
				30B76AA71CD6C82300960E1E /* Assets.xcassets */,
				30B76AA91CD6C82300960E1E /* LaunchScreen.storyboard */,
				30B76AAC1CD6C82300960E1E /* Info.plist */,
			);
			path = PanoView;
			sourceTree = "<group>";
		};
/* End PBXGroup section */

/* Begin PBXNativeTarget section */
		30B76A9C1CD6C82300960E1E /* PanoView */ = {
			isa = PBXNativeTarget;
			buildConfigurationList = 30B76ABA1CD6C82300960E1E /* Build configuration list for PBXNativeTarget "PanoView" */;
			buildPhases = (
				30B76A991CD6C82300960E1E /* Sources */,
				30B76A9A1CD6C82300960E1E /* Frameworks */,
				30B76A9B1CD6C82300960E1E /* Resources */,
			);
			buildRules = (
			);
			dependencies = (
			);
			name = PanoView;
			productName = PanoView;
			productReference = 30B76A9D1CD6C82300960E1E /* PanoView.app */;
			productType = "com.apple.product-type.application";
		};
/* End PBXNativeTarget section */

/* Begin PBXProject section */
		30B76A951CD6C82300960E1E /* Project object */ = {
			isa = PBXProject;
			attributes = {
				LastSwiftUpdateCheck = 0730;
				LastUpgradeCheck = 0730;
				ORGANIZATIONNAME = "iOS Developer Zone";
				TargetAttributes = {
					30B76A9C1CD6C82300960E1E = {
						CreatedOnToolsVersion = 7.3;
					};
				};
			};
			buildConfigurationList = 30B76A981CD6C82300960E1E /* Build configuration list for PBXProject "PanoView" */;
			compatibilityVersion = "Xcode 3.2";
			developmentRegion = English;
			hasScannedForEncodings = 0;
			knownRegions = (
				en,
				Base,
			);
			mainGroup = 30B76A941CD6C82300960E1E;
			productRefGroup = 30B76A9E1CD6C82300960E1E /* Products */;
			projectDirPath = "";
			projectRoot = "";
			targets = (
				30B76A9C1CD6C82300960E1E /* PanoView */,
			);
		};
/* End PBXProject section */

/* Begin PBXResourcesBuildPhase section */
		30B76A9B1CD6C82300960E1E /* Resources */ = {
			isa = PBXResourcesBuildPhase;
			buildActionMask = 2147483647;
			files = (
				30B76AAB1CD6C82300960E1E /* LaunchScreen.storyboard in Resources */,
				30B76AC31CD6CD1700960E1E /* Hellbrunn25.jpg in Resources */,
				30B76AA81CD6C82300960E1E /* Assets.xcassets in Resources */,
				30B76AA61CD6C82300960E1E /* Main.storyboard in Resources */,
			);
			runOnlyForDeploymentPostprocessing = 0;
		};
/* End PBXResourcesBuildPhase section */

/* Begin PBXSourcesBuildPhase section */
		30B76A991CD6C82300960E1E /* Sources */ = {
			isa = PBXSourcesBuildPhase;
			buildActionMask = 2147483647;
			files = (
				30B76AA31CD6C82300960E1E /* ViewController.swift in Sources */,
				30B76AA11CD6C82300960E1E /* AppDelegate.swift in Sources */,
			);
			runOnlyForDeploymentPostprocessing = 0;
		};
/* End PBXSourcesBuildPhase section */

/* Begin PBXVariantGroup section */
		30B76AA41CD6C82300960E1E /* Main.storyboard */ = {
			isa = PBXVariantGroup;
			children = (
				30B76AA51CD6C82300960E1E /* Base */,
			);
			name = Main.storyboard;
			sourceTree = "<group>";
		};
		30B76AA91CD6C82300960E1E /* LaunchScreen.storyboard */ = {
			isa = PBXVariantGroup;
			children = (
				30B76AAA1CD6C82300960E1E /* Base */,
			);
			name = LaunchScreen.storyboard;
			sourceTree = "<group>";
		};
/* End PBXVariantGroup section */

/* Begin XCBuildConfiguration section */
		30B76AB81CD6C82300960E1E /* Debug */ = {
			isa = XCBuildConfiguration;
			buildSettings = {
				ALWAYS_SEARCH_USER_PATHS = NO;
				CLANG_ANALYZER_NONNULL = YES;
				CLANG_CXX_LANGUAGE_STANDARD = "gnu++0x";
				CLANG_CXX_LIBRARY = "libc++";
				CLANG_ENABLE_MODULES = YES;
				CLANG_ENABLE_OBJC_ARC = YES;
				CLANG_WARN_BOOL_CONVERSION = YES;
				CLANG_WARN_CONSTANT_CONVERSION = YES;
				CLANG_WARN_DIRECT_OBJC_ISA_USAGE = YES_ERROR;
				CLANG_WARN_EMPTY_BODY = YES;
				CLANG_WARN_ENUM_CONVERSION = YES;
				CLANG_WARN_INT_CONVERSION = YES;
				CLANG_WARN_OBJC_ROOT_CLASS = YES_ERROR;
				CLANG_WARN_UNREACHABLE_CODE = YES;
				CLANG_WARN__DUPLICATE_METHOD_MATCH = YES;
				"CODE_SIGN_IDENTITY[sdk=iphoneos*]" = "iPhone Developer";
				COPY_PHASE_STRIP = NO;
				DEBUG_INFORMATION_FORMAT = dwarf;
				ENABLE_STRICT_OBJC_MSGSEND = YES;
				ENABLE_TESTABILITY = YES;
				GCC_C_LANGUAGE_STANDARD = gnu99;
				GCC_DYNAMIC_NO_PIC = NO;
				GCC_NO_COMMON_BLOCKS = YES;
				GCC_OPTIMIZATION_LEVEL = 0;
				GCC_PREPROCESSOR_DEFINITIONS = (
					"DEBUG=1",
					"$(inherited)",
				);
				GCC_WARN_64_TO_32_BIT_CONVERSION = YES;
				GCC_WARN_ABOUT_RETURN_TYPE = YES_ERROR;
				GCC_WARN_UNDECLARED_SELECTOR = YES;
				GCC_WARN_UNINITIALIZED_AUTOS = YES_AGGRESSIVE;
				GCC_WARN_UNUSED_FUNCTION = YES;
				GCC_WARN_UNUSED_VARIABLE = YES;
				IPHONEOS_DEPLOYMENT_TARGET = 9.3;
				MTL_ENABLE_DEBUG_INFO = YES;
				ONLY_ACTIVE_ARCH = YES;
				SDKROOT = iphoneos;
				SWIFT_OPTIMIZATION_LEVEL = "-Onone";
				TARGETED_DEVICE_FAMILY = "1,2";
			};
			name = Debug;
		};
		30B76AB91CD6C82300960E1E /* Release */ = {
			isa = XCBuildConfiguration;
			buildSettings = {
				ALWAYS_SEARCH_USER_PATHS = NO;
				CLANG_ANALYZER_NONNULL = YES;
				CLANG_CXX_LANGUAGE_STANDARD = "gnu++0x";
				CLANG_CXX_LIBRARY = "libc++";
				CLANG_ENABLE_MODULES = YES;
				CLANG_ENABLE_OBJC_ARC = YES;
				CLANG_WARN_BOOL_CONVERSION = YES;
				CLANG_WARN_CONSTANT_CONVERSION = YES;
				CLANG_WARN_DIRECT_OBJC_ISA_USAGE = YES_ERROR;
				CLANG_WARN_EMPTY_BODY = YES;
				CLANG_WARN_ENUM_CONVERSION = YES;
				CLANG_WARN_INT_CONVERSION = YES;
				CLANG_WARN_OBJC_ROOT_CLASS = YES_ERROR;
				CLANG_WARN_UNREACHABLE_CODE = YES;
				CLANG_WARN__DUPLICATE_METHOD_MATCH = YES;
				"CODE_SIGN_IDENTITY[sdk=iphoneos*]" = "iPhone Developer";
				COPY_PHASE_STRIP = NO;
				DEBUG_INFORMATION_FORMAT = "dwarf-with-dsym";
				ENABLE_NS_ASSERTIONS = NO;
				ENABLE_STRICT_OBJC_MSGSEND = YES;
				GCC_C_LANGUAGE_STANDARD = gnu99;
				GCC_NO_COMMON_BLOCKS = YES;
				GCC_WARN_64_TO_32_BIT_CONVERSION = YES;
				GCC_WARN_ABOUT_RETURN_TYPE = YES_ERROR;
				GCC_WARN_UNDECLARED_SELECTOR = YES;
				GCC_WARN_UNINITIALIZED_AUTOS = YES_AGGRESSIVE;
				GCC_WARN_UNUSED_FUNCTION = YES;
				GCC_WARN_UNUSED_VARIABLE = YES;
				IPHONEOS_DEPLOYMENT_TARGET = 9.3;
				MTL_ENABLE_DEBUG_INFO = NO;
				SDKROOT = iphoneos;
				TARGETED_DEVICE_FAMILY = "1,2";
				VALIDATE_PRODUCT = YES;
			};
			name = Release;
		};
		30B76ABB1CD6C82300960E1E /* Debug */ = {
			isa = XCBuildConfiguration;
			buildSettings = {
				ASSETCATALOG_COMPILER_APPICON_NAME = AppIcon;
				INFOPLIST_FILE = PanoView/Info.plist;
				IPHONEOS_DEPLOYMENT_TARGET = 9.0;
				LD_RUNPATH_SEARCH_PATHS = "$(inherited) @executable_path/Frameworks";
				PRODUCT_BUNDLE_IDENTIFIER = com.iosdeveloperzone.PanoView;
				PRODUCT_NAME = "$(TARGET_NAME)";
			};
			name = Debug;
		};
		30B76ABC1CD6C82300960E1E /* Release */ = {
			isa = XCBuildConfiguration;
			buildSettings = {
				ASSETCATALOG_COMPILER_APPICON_NAME = AppIcon;
				INFOPLIST_FILE = PanoView/Info.plist;
				IPHONEOS_DEPLOYMENT_TARGET = 9.0;
				LD_RUNPATH_SEARCH_PATHS = "$(inherited) @executable_path/Frameworks";
				PRODUCT_BUNDLE_IDENTIFIER = com.iosdeveloperzone.PanoView;
				PRODUCT_NAME = "$(TARGET_NAME)";
			};
			name = Release;
		};
/* End XCBuildConfiguration section */

/* Begin XCConfigurationList section */
		30B76A981CD6C82300960E1E /* Build configuration list for PBXProject "PanoView" */ = {
			isa = XCConfigurationList;
			buildConfigurations = (
				30B76AB81CD6C82300960E1E /* Debug */,
				30B76AB91CD6C82300960E1E /* Release */,
			);
			defaultConfigurationIsVisible = 0;
			defaultConfigurationName = Release;
		};
		30B76ABA1CD6C82300960E1E /* Build configuration list for PBXNativeTarget "PanoView" */ = {
			isa = XCConfigurationList;
			buildConfigurations = (
				30B76ABB1CD6C82300960E1E /* Debug */,
				30B76ABC1CD6C82300960E1E /* Release */,
			);
			defaultConfigurationIsVisible = 0;
			defaultConfigurationName = Release;
		};
/* End XCConfigurationList section */
	};
	rootObject = 30B76A951CD6C82300960E1E /* Project object */;
}
